
Microsoft Visual Studio Solution File, Format Version 12.00
# Visual Studio Version 17
VisualStudioVersion = 17.10.34916.146
MinimumVisualStudioVersion = 10.0.40219.1
Project("{FAE04EC0-301F-11D3-BF4B-00C04F79EFBC}") = "projAula2", "projAula2\projAula2.csproj", "{4EDA0D04-77E4-4A09-8471-7654FF85DD5F}"
EndProject
Project("{FAE04EC0-301F-11D3-BF4B-00C04F79EFBC}") = "Models", "Models\Models.csproj", "{C58B4F5F-5DE5-4A37-B62D-BAE0CD1BF2C7}"
EndProject
Project("{FAE04EC0-301F-11D3-BF4B-00C04F79EFBC}") = "Controllers", "Controlllers\Controllers.csproj", "{05383DA2-4895-4F59-B259-61AD65532793}"
EndProject
Project("{FAE04EC0-301F-11D3-BF4B-00C04F79EFBC}") = "Services", "Services\Services.csproj", "{4FFD84D6-F48D-4899-B8A9-7A4CEB7A88BD}"
EndProject
Project("{FAE04EC0-301F-11D3-BF4B-00C04F79EFBC}") = "Repositories", "Repositories\Repositories.csproj", "{145AB72F-C871-4CD5-842B-5DA15957CED5}"
EndProject
Global
	GlobalSection(SolutionConfigurationPlatforms) = preSolution
		Debug|Any CPU = Debug|Any CPU
		Release|Any CPU = Release|Any CPU
	EndGlobalSection
	GlobalSection(ProjectConfigurationPlatforms) = postSolution
		{4EDA0D04-77E4-4A09-8471-7654FF85DD5F}.Debug|Any CPU.ActiveCfg = Debug|Any CPU
		{4EDA0D04-77E4-4A09-8471-7654FF85DD5F}.Debug|Any CPU.Build.0 = Debug|Any CPU
		{4EDA0D04-77E4-4A09-8471-7654FF85DD5F}.Release|Any CPU.ActiveCfg = Release|Any CPU
		{4EDA0D04-77E4-4A09-8471-7654FF85DD5F}.Release|Any CPU.Build.0 = Release|Any CPU
		{C58B4F5F-5DE5-4A37-B62D-BAE0CD1BF2C7}.Debug|Any CPU.ActiveCfg = Debug|Any CPU
		{C58B4F5F-5DE5-4A37-B62D-BAE0CD1BF2C7}.Debug|Any CPU.Build.0 = Debug|Any CPU
		{C58B4F5F-5DE5-4A37-B62D-BAE0CD1BF2C7}.Release|Any CPU.ActiveCfg = Release|Any CPU
		{C58B4F5F-5DE5-4A37-B62D-BAE0CD1BF2C7}.Release|Any CPU.Build.0 = Release|Any CPU
		{05383DA2-4895-4F59-B259-61AD65532793}.Debug|Any CPU.ActiveCfg = Debug|Any CPU
		{05383DA2-4895-4F59-B259-61AD65532793}.Debug|Any CPU.Build.0 = Debug|Any CPU
		{05383DA2-4895-4F59-B259-61AD65532793}.Release|Any CPU.ActiveCfg = Release|Any CPU
		{05383DA2-4895-4F59-B259-61AD65532793}.Release|Any CPU.Build.0 = Release|Any CPU
		{4FFD84D6-F48D-4899-B8A9-7A4CEB7A88BD}.Debug|Any CPU.ActiveCfg = Debug|Any CPU
		{4FFD84D6-F48D-4899-B8A9-7A4CEB7A88BD}.Debug|Any CPU.Build.0 = Debug|Any CPU
		{4FFD84D6-F48D-4899-B8A9-7A4CEB7A88BD}.Release|Any CPU.ActiveCfg = Release|Any CPU
		{4FFD84D6-F48D-4899-B8A9-7A4CEB7A88BD}.Release|Any CPU.Build.0 = Release|Any CPU
		{145AB72F-C871-4CD5-842B-5DA15957CED5}.Debug|Any CPU.ActiveCfg = Debug|Any CPU
		{145AB72F-C871-4CD5-842B-5DA15957CED5}.Debug|Any CPU.Build.0 = Debug|Any CPU
		{145AB72F-C871-4CD5-842B-5DA15957CED5}.Release|Any CPU.ActiveCfg = Release|Any CPU
		{145AB72F-C871-4CD5-842B-5DA15957CED5}.Release|Any CPU.Build.0 = Release|Any CPU
	EndGlobalSection
	GlobalSection(SolutionProperties) = preSolution
		HideSolutionNode = FALSE
	EndGlobalSection
	GlobalSection(ExtensibilityGlobals) = postSolution
		SolutionGuid = {89C0D0CC-E6E5-4EB7-A13C-9DE6FAC1B835}
	EndGlobalSection
EndGlobal
